codeberg.org/reiver/go-ansicolor v0.0.0-20251210134648-774252d78153 h1:/qSBaF4Djq1BHw+MxLbO9mCSFL+aYKkRcnXc3J9L5Bc=
codeberg.org/reiver/go-ansicolor v0.0.0-20251210134648-774252d78153/go.mod h1:AVMt1Ycjgd1219qBwA/+WtsI862FEQWAj7x3tfSE6WQ=
codeberg.org/reiver/go-env v0.0.0-20260226035230-655ebf3f05e0 h1:kKkVvHj99cPclcvp3Sr+drtZ3G8tvyAOkflNlp+ykjU=
codeberg.org/reiver/go-env v0.0.0-20260226035230-655ebf3f05e0/go.mod h1:hLLtifoqWR4tgU7KFzPXKuRiuHxyJHNRdHyDvK1tYac=
codeberg.org/reiver/go-field v0.0.0-20260310024309-0a64a3ea37f9 h1:aYA5lhSiPrC98Xz8Joc+yArv07ZuJgQkils0SgEzHDU=
codeberg.org/reiver/go-field v0.0.0-20260310024309-0a64a3ea37f9/go.mod h1:752EzuARz/8LnYzfPcxBFIIKstqok9fyTUmi5qnjn+Q=
codeberg.org/reiver/go-log v0.0.0-20260310025906-45c544cede09 h1:N8GhdARyqXR5rqEOo9Aex/iSuoE9CPAshic1ghMTntA=
codeberg.org/reiver/go-log v0.0.0-20260310025906-45c544cede09/go.mod h1:gN/80p8lkdIkK3ZyXXU58OGFZSl1TwBqH6jmukX4xEg=
codeberg.org/reiver/go-plan v0.0.0-20251205233422-898ceb8a386b h1:ypmc96LG9M70ZeU967BeIGD2vsExB8NeF0+fvUm0P0s=
codeberg.org/reiver/go-plan v0.0.0-20251205233422-898ceb8a386b/go.mod h1:tB4bTAecrAUS1W1RgfxBNtDrtp/aAlH+7u8peTLZ/kA=
codeberg.org/reiver/go-strparse v0.0.0-20260226035126-c2b1dcc485cc h1:Wnf49832CEMJTWJFAOVmMFA37ps2bZD6FqHJRvtsSlI=
codeberg.org/reiver/go-strparse v0.0.0-20260226035126-c2b1dcc485cc/go.mod h1:CpECZtrSEzBBXUa0yyIgFp82hqkBHeUV9qr7VAvy1Mk=
github.com/reiver/go-erorr v0.0.0-20240801233437-8cbde6d1fa3f h1:D1QSxKHm8U73XhjsW3SFLkT0zT5pKJi+1KGboMhY1Rk=
github.com/reiver/go-erorr v0.0.0-20240801233437-8cbde6d1fa3f/go.mod h1:F0HbBf+Ak2ZlE8YkDW4Y+KxaUmT0KaaIJK6CXY3cJxE=
github.com/reiver/go-lck v0.0.0-20250904175207-b06db1642fd1 h1:Kt9vEC3yN6itN4LhZFmjKAG23G7a1exp81HIhHIRMc8=
github.com/reiver/go-lck v0.0.0-20250904175207-b06db1642fd1/go.mod h1:PFseSi8S0CBkc+YB6jYWtogPk83LumclnYJZZBQJJhs=
golang.org/x/exp v0.0.0-20251125195548-87e1e737ad39 h1:DHNhtq3sNNzrvduZZIiFyXWOL9IWaDPHqTnLJp+rCBY=
golang.org/x/exp v0.0.0-20251125195548-87e1e737ad39/go.mod h1:46edojNIoXTNOhySWIWdix628clX9ODXwPsQuG6hsK0=
